
Microsoft Visual Studio Solution File, Format Version 12.00
# Visual Studio 14
VisualStudioVersion = 14.0.25420.1
MinimumVisualStudioVersion = 10.0.40219.1
Project("{FAE04EC0-301F-11D3-BF4B-00C04F79EFBC}") = "Kattis.FallingApples", "Kattis\Kattis.FallingApples.csproj", "{074B68D8-4465-426C-B7AB-1D150EED856D}"
EndProject
Global
	GlobalSection(SolutionConfigurationPlatforms) = preSolution
		Debug|Any CPU = Debug|Any CPU
		Release|Any CPU = Release|Any CPU
	EndGlobalSection
	GlobalSection(ProjectConfigurationPlatforms) = postSolution
		{074B68D8-4465-426C-B7AB-1D150EED856D}.Debug|Any CPU.ActiveCfg = Debug|Any CPU
		{074B68D8-4465-426C-B7AB-1D150EED856D}.Debug|Any CPU.Build.0 = Debug|Any CPU
		{074B68D8-4465-426C-B7AB-1D150EED856D}.Release|Any CPU.ActiveCfg = Release|Any CPU
		{074B68D8-4465-426C-B7AB-1D150EED856D}.Release|Any CPU.Build.0 = Release|Any CPU
	EndGlobalSection
	GlobalSection(SolutionProperties) = preSolution
		HideSolutionNode = FALSE
	EndGlobalSection
EndGlobal
